
Microsoft Visual Studio Solution File, Format Version 12.00
# Visual Studio 15
VisualStudioVersion = 15.0.28307.168
MinimumVisualStudioVersion = 10.0.40219.1
Project("{FAE04EC0-301F-11D3-BF4B-00C04F79EFBC}") = "RestAppStudentMgmt", "RestAppStudentMgmt\RestAppStudentMgmt.csproj", "{14D5202F-3943-43FD-8E16-7FD4AECA5D58}"
EndProject
Project("{FAE04EC0-301F-11D3-BF4B-00C04F79EFBC}") = "StudentDataAccess", "StudentDataAccess\StudentDataAccess.csproj", "{3FD189AB-8DCF-4FB5-AFD9-C00283E7EFBF}"
EndProject
Project("{FAE04EC0-301F-11D3-BF4B-00C04F79EFBC}") = "UserDataAccess", "UserDataAccess\UserDataAccess.csproj", "{508006DC-C443-4D19-9A8A-20801133C6D9}"
EndProject
Global
	GlobalSection(SolutionConfigurationPlatforms) = preSolution
		Debug|Any CPU = Debug|Any CPU
		Release|Any CPU = Release|Any CPU
	EndGlobalSection
	GlobalSection(ProjectConfigurationPlatforms) = postSolution
		{14D5202F-3943-43FD-8E16-7FD4AECA5D58}.Debug|Any CPU.ActiveCfg = Debug|Any CPU
		{14D5202F-3943-43FD-8E16-7FD4AECA5D58}.Debug|Any CPU.Build.0 = Debug|Any CPU
		{14D5202F-3943-43FD-8E16-7FD4AECA5D58}.Release|Any CPU.ActiveCfg = Release|Any CPU
		{14D5202F-3943-43FD-8E16-7FD4AECA5D58}.Release|Any CPU.Build.0 = Release|Any CPU
		{3FD189AB-8DCF-4FB5-AFD9-C00283E7EFBF}.Debug|Any CPU.ActiveCfg = Debug|Any CPU
		{3FD189AB-8DCF-4FB5-AFD9-C00283E7EFBF}.Debug|Any CPU.Build.0 = Debug|Any CPU
		{3FD189AB-8DCF-4FB5-AFD9-C00283E7EFBF}.Release|Any CPU.ActiveCfg = Release|Any CPU
		{3FD189AB-8DCF-4FB5-AFD9-C00283E7EFBF}.Release|Any CPU.Build.0 = Release|Any CPU
		{508006DC-C443-4D19-9A8A-20801133C6D9}.Debug|Any CPU.ActiveCfg = Debug|Any CPU
		{508006DC-C443-4D19-9A8A-20801133C6D9}.Debug|Any CPU.Build.0 = Debug|Any CPU
		{508006DC-C443-4D19-9A8A-20801133C6D9}.Release|Any CPU.ActiveCfg = Release|Any CPU
		{508006DC-C443-4D19-9A8A-20801133C6D9}.Release|Any CPU.Build.0 = Release|Any CPU
	EndGlobalSection
	GlobalSection(SolutionProperties) = preSolution
		HideSolutionNode = FALSE
	EndGlobalSection
	GlobalSection(ExtensibilityGlobals) = postSolution
		SolutionGuid = {16062C96-647D-48F4-BB94-2B6E3493F6A8}
	EndGlobalSection
EndGlobal
